
Microsoft Visual Studio Solution File, Format Version 12.00
# Visual Studio Version 17
VisualStudioVersion = 17.11.35312.102
MinimumVisualStudioVersion = 10.0.40219.1
Project("{9A19103F-16F7-4668-BE54-9A1E7A4F7556}") = "Ufc.Host", "Ufc.Host\Ufc.Host.csproj", "{23883AA7-2BC5-48F1-8D14-2FF70E180C81}"
EndProject
Project("{FAE04EC0-301F-11D3-BF4B-00C04F79EFBC}") = "Ufc.Logic", "Ufc.Logic\Ufc.Logic.csproj", "{345A0D6D-FC1E-464C-8897-F7FAC1B29F5B}"
EndProject
Global
	GlobalSection(SolutionConfigurationPlatforms) = preSolution
		Debug|Any CPU = Debug|Any CPU
		Release|Any CPU = Release|Any CPU
	EndGlobalSection
	GlobalSection(ProjectConfigurationPlatforms) = postSolution
		{23883AA7-2BC5-48F1-8D14-2FF70E180C81}.Debug|Any CPU.ActiveCfg = Debug|Any CPU
		{23883AA7-2BC5-48F1-8D14-2FF70E180C81}.Debug|Any CPU.Build.0 = Debug|Any CPU
		{23883AA7-2BC5-48F1-8D14-2FF70E180C81}.Release|Any CPU.ActiveCfg = Release|Any CPU
		{23883AA7-2BC5-48F1-8D14-2FF70E180C81}.Release|Any CPU.Build.0 = Release|Any CPU
		{345A0D6D-FC1E-464C-8897-F7FAC1B29F5B}.Debug|Any CPU.ActiveCfg = Debug|Any CPU
		{345A0D6D-FC1E-464C-8897-F7FAC1B29F5B}.Debug|Any CPU.Build.0 = Debug|Any CPU
		{345A0D6D-FC1E-464C-8897-F7FAC1B29F5B}.Release|Any CPU.ActiveCfg = Release|Any CPU
		{345A0D6D-FC1E-464C-8897-F7FAC1B29F5B}.Release|Any CPU.Build.0 = Release|Any CPU
	EndGlobalSection
	GlobalSection(SolutionProperties) = preSolution
		HideSolutionNode = FALSE
	EndGlobalSection
	GlobalSection(ExtensibilityGlobals) = postSolution
		SolutionGuid = {3D86A157-E159-4EDE-8FCF-AFCB0844DBC8}
	EndGlobalSection
EndGlobal
